
Microsoft Visual Studio Solution File, Format Version 12.00
# Visual Studio 15
VisualStudioVersion = 15.0.27703.2035
MinimumVisualStudioVersion = 10.0.40219.1
Project("{FAE04EC0-301F-11D3-BF4B-00C04F79EFBC}") = "interactions", "interactions\interactions.csproj", "{0406D349-FE51-4045-983D-ED267BB84DA4}"
EndProject
Global
	GlobalSection(SolutionConfigurationPlatforms) = preSolution
		Debug|Any CPU = Debug|Any CPU
		Release|Any CPU = Release|Any CPU
	EndGlobalSection
	GlobalSection(ProjectConfigurationPlatforms) = postSolution
		{0406D349-FE51-4045-983D-ED267BB84DA4}.Debug|Any CPU.ActiveCfg = Debug|Any CPU
		{0406D349-FE51-4045-983D-ED267BB84DA4}.Debug|Any CPU.Build.0 = Debug|Any CPU
		{0406D349-FE51-4045-983D-ED267BB84DA4}.Release|Any CPU.ActiveCfg = Release|Any CPU
		{0406D349-FE51-4045-983D-ED267BB84DA4}.Release|Any CPU.Build.0 = Release|Any CPU
	EndGlobalSection
	GlobalSection(SolutionProperties) = preSolution
		HideSolutionNode = FALSE
	EndGlobalSection
	GlobalSection(ExtensibilityGlobals) = postSolution
		SolutionGuid = {821A302C-11D5-4B26-8F0B-AC76952A55EB}
	EndGlobalSection
EndGlobal
